
Microsoft Visual Studio Solution File, Format Version 12.00
# Visual Studio Version 17
VisualStudioVersion = 17.10.34928.147
MinimumVisualStudioVersion = 10.0.40219.1
Project("{FAE04EC0-301F-11D3-BF4B-00C04F79EFBC}") = "EmployeeDemoAPI", "EmployeeDemoAPI\EmployeeDemoAPI.csproj", "{225CCCA5-C6CA-4D75-B414-BBA79A2C7D41}"
EndProject
Global
	GlobalSection(SolutionConfigurationPlatforms) = preSolution
		Debug|Any CPU = Debug|Any CPU
		Release|Any CPU = Release|Any CPU
	EndGlobalSection
	GlobalSection(ProjectConfigurationPlatforms) = postSolution
		{225CCCA5-C6CA-4D75-B414-BBA79A2C7D41}.Debug|Any CPU.ActiveCfg = Debug|Any CPU
		{225CCCA5-C6CA-4D75-B414-BBA79A2C7D41}.Debug|Any CPU.Build.0 = Debug|Any CPU
		{225CCCA5-C6CA-4D75-B414-BBA79A2C7D41}.Release|Any CPU.ActiveCfg = Release|Any CPU
		{225CCCA5-C6CA-4D75-B414-BBA79A2C7D41}.Release|Any CPU.Build.0 = Release|Any CPU
	EndGlobalSection
	GlobalSection(SolutionProperties) = preSolution
		HideSolutionNode = FALSE
	EndGlobalSection
	GlobalSection(ExtensibilityGlobals) = postSolution
		SolutionGuid = {05B3BC30-004A-4C40-A943-F9FA552B2DF8}
	EndGlobalSection
EndGlobal
